
Microsoft Visual Studio Solution File, Format Version 12.00
# Visual Studio Version 17
VisualStudioVersion = 17.6.33815.320
MinimumVisualStudioVersion = 10.0.40219.1
Project("{9A19103F-16F7-4668-BE54-9A1E7A4F7556}") = "GoogleFunction", "GoogleFunction.csproj", "{0704C01C-3A77-430E-9B51-BE9E91D460B8}"
EndProject
Global
	GlobalSection(SolutionConfigurationPlatforms) = preSolution
		Debug|Any CPU = Debug|Any CPU
		Release|Any CPU = Release|Any CPU
	EndGlobalSection
	GlobalSection(ProjectConfigurationPlatforms) = postSolution
		{0704C01C-3A77-430E-9B51-BE9E91D460B8}.Debug|Any CPU.ActiveCfg = Debug|Any CPU
		{0704C01C-3A77-430E-9B51-BE9E91D460B8}.Debug|Any CPU.Build.0 = Debug|Any CPU
		{0704C01C-3A77-430E-9B51-BE9E91D460B8}.Release|Any CPU.ActiveCfg = Release|Any CPU
		{0704C01C-3A77-430E-9B51-BE9E91D460B8}.Release|Any CPU.Build.0 = Release|Any CPU
	EndGlobalSection
	GlobalSection(SolutionProperties) = preSolution
		HideSolutionNode = FALSE
	EndGlobalSection
	GlobalSection(ExtensibilityGlobals) = postSolution
		SolutionGuid = {339CF28B-7671-4533-B2AB-81EE43AE6C29}
	EndGlobalSection
EndGlobal
